
Microsoft Visual Studio Solution File, Format Version 12.00
# Visual Studio Version 17
VisualStudioVersion = 17.1.32319.34
MinimumVisualStudioVersion = 10.0.40219.1
Project("{00D1A9C2-B5F0-4AF3-8072-F6C62B433612}") = "GestPharmaDB", "GestPharmaDB\GestPharmaDB.sqlproj", "{2A4C6D0C-8F1A-499A-BA1B-4BA5FE44AAB6}"
EndProject
Global
	GlobalSection(SolutionConfigurationPlatforms) = preSolution
		Debug|Any CPU = Debug|Any CPU
		Release|Any CPU = Release|Any CPU
	EndGlobalSection
	GlobalSection(ProjectConfigurationPlatforms) = postSolution
		{2A4C6D0C-8F1A-499A-BA1B-4BA5FE44AAB6}.Debug|Any CPU.ActiveCfg = Debug|Any CPU
		{2A4C6D0C-8F1A-499A-BA1B-4BA5FE44AAB6}.Debug|Any CPU.Build.0 = Debug|Any CPU
		{2A4C6D0C-8F1A-499A-BA1B-4BA5FE44AAB6}.Debug|Any CPU.Deploy.0 = Debug|Any CPU
		{2A4C6D0C-8F1A-499A-BA1B-4BA5FE44AAB6}.Release|Any CPU.ActiveCfg = Release|Any CPU
		{2A4C6D0C-8F1A-499A-BA1B-4BA5FE44AAB6}.Release|Any CPU.Build.0 = Release|Any CPU
		{2A4C6D0C-8F1A-499A-BA1B-4BA5FE44AAB6}.Release|Any CPU.Deploy.0 = Release|Any CPU
	EndGlobalSection
	GlobalSection(SolutionProperties) = preSolution
		HideSolutionNode = FALSE
	EndGlobalSection
	GlobalSection(ExtensibilityGlobals) = postSolution
		SolutionGuid = {0AA5E702-DCE2-44BB-9202-4B98427C4370}
	EndGlobalSection
EndGlobal
